
Microsoft Visual Studio Solution File, Format Version 12.00
# Visual Studio Version 17
VisualStudioVersion = 17.5.33502.453
MinimumVisualStudioVersion = 10.0.40219.1
Project("{FAE04EC0-301F-11D3-BF4B-00C04F79EFBC}") = "Words", "Words.csproj", "{AD7DB9BC-66BA-4AC9-9E23-CAF5D4A0E384}"
EndProject
Project("{FAE04EC0-301F-11D3-BF4B-00C04F79EFBC}") = "Words2", "..\Words2\Words2.csproj", "{98F6A51A-B079-473A-BAD8-11370E50C3A1}"
EndProject
Global
	GlobalSection(SolutionConfigurationPlatforms) = preSolution
		Debug|Any CPU = Debug|Any CPU
		Release|Any CPU = Release|Any CPU
	EndGlobalSection
	GlobalSection(ProjectConfigurationPlatforms) = postSolution
		{AD7DB9BC-66BA-4AC9-9E23-CAF5D4A0E384}.Debug|Any CPU.ActiveCfg = Debug|Any CPU
		{AD7DB9BC-66BA-4AC9-9E23-CAF5D4A0E384}.Debug|Any CPU.Build.0 = Debug|Any CPU
		{AD7DB9BC-66BA-4AC9-9E23-CAF5D4A0E384}.Release|Any CPU.ActiveCfg = Release|Any CPU
		{AD7DB9BC-66BA-4AC9-9E23-CAF5D4A0E384}.Release|Any CPU.Build.0 = Release|Any CPU
		{98F6A51A-B079-473A-BAD8-11370E50C3A1}.Debug|Any CPU.ActiveCfg = Debug|Any CPU
		{98F6A51A-B079-473A-BAD8-11370E50C3A1}.Debug|Any CPU.Build.0 = Debug|Any CPU
		{98F6A51A-B079-473A-BAD8-11370E50C3A1}.Release|Any CPU.ActiveCfg = Release|Any CPU
		{98F6A51A-B079-473A-BAD8-11370E50C3A1}.Release|Any CPU.Build.0 = Release|Any CPU
	EndGlobalSection
	GlobalSection(SolutionProperties) = preSolution
		HideSolutionNode = FALSE
	EndGlobalSection
	GlobalSection(ExtensibilityGlobals) = postSolution
		SolutionGuid = {26D9C197-5BDE-4B3D-94F7-C378354DE3AF}
	EndGlobalSection
EndGlobal
